
Microsoft Visual Studio Solution File, Format Version 12.00
# Visual Studio Version 17
VisualStudioVersion = 17.0.31919.166
MinimumVisualStudioVersion = 10.0.40219.1
Project("{FAE04EC0-301F-11D3-BF4B-00C04F79EFBC}") = "ConverterApp", "ConverterApp\ConverterApp.csproj", "{02DEEC92-F3E9-4E10-8D85-571B264D9CE8}"
EndProject
Global
	GlobalSection(SolutionConfigurationPlatforms) = preSolution
		Debug|Any CPU = Debug|Any CPU
		Release|Any CPU = Release|Any CPU
	EndGlobalSection
	GlobalSection(ProjectConfigurationPlatforms) = postSolution
		{02DEEC92-F3E9-4E10-8D85-571B264D9CE8}.Debug|Any CPU.ActiveCfg = Debug|Any CPU
		{02DEEC92-F3E9-4E10-8D85-571B264D9CE8}.Debug|Any CPU.Build.0 = Debug|Any CPU
		{02DEEC92-F3E9-4E10-8D85-571B264D9CE8}.Release|Any CPU.ActiveCfg = Release|Any CPU
		{02DEEC92-F3E9-4E10-8D85-571B264D9CE8}.Release|Any CPU.Build.0 = Release|Any CPU
	EndGlobalSection
	GlobalSection(SolutionProperties) = preSolution
		HideSolutionNode = FALSE
	EndGlobalSection
	GlobalSection(ExtensibilityGlobals) = postSolution
		SolutionGuid = {5DCC0E2A-D0F4-4EA1-8CD4-4C49E7DF5FF5}
	EndGlobalSection
EndGlobal
